
Microsoft Visual Studio Solution File, Format Version 12.00
# Visual Studio Version 17
VisualStudioVersion = 17.9.34728.123
MinimumVisualStudioVersion = 10.0.40219.1
Project("{2150E333-8FDC-42A3-9474-1A3956D46DE8}") = "Services", "Services", "{80C0F9D0-D9A4-435F-8649-F7E555E80951}"
EndProject
Project("{FAE04EC0-301F-11D3-BF4B-00C04F79EFBC}") = "MyProjects.Projects.Api", "MyProjects.Projects.Api\MyProjects.Projects.Api.csproj", "{624B22FE-EFFF-4B8B-8703-887FCAA1C563}"
EndProject
Global
	GlobalSection(SolutionConfigurationPlatforms) = preSolution
		Debug|Any CPU = Debug|Any CPU
		Release|Any CPU = Release|Any CPU
	EndGlobalSection
	GlobalSection(ProjectConfigurationPlatforms) = postSolution
		{624B22FE-EFFF-4B8B-8703-887FCAA1C563}.Debug|Any CPU.ActiveCfg = Debug|Any CPU
		{624B22FE-EFFF-4B8B-8703-887FCAA1C563}.Debug|Any CPU.Build.0 = Debug|Any CPU
		{624B22FE-EFFF-4B8B-8703-887FCAA1C563}.Release|Any CPU.ActiveCfg = Release|Any CPU
		{624B22FE-EFFF-4B8B-8703-887FCAA1C563}.Release|Any CPU.Build.0 = Release|Any CPU
	EndGlobalSection
	GlobalSection(SolutionProperties) = preSolution
		HideSolutionNode = FALSE
	EndGlobalSection
	GlobalSection(NestedProjects) = preSolution
		{624B22FE-EFFF-4B8B-8703-887FCAA1C563} = {80C0F9D0-D9A4-435F-8649-F7E555E80951}
	EndGlobalSection
	GlobalSection(ExtensibilityGlobals) = postSolution
		SolutionGuid = {0CA38490-0589-4F29-BCB0-74BA1DEA2243}
	EndGlobalSection
EndGlobal
